
Microsoft Visual Studio Solution File, Format Version 12.00
# Visual Studio Version 17
VisualStudioVersion = 17.10.35122.118
MinimumVisualStudioVersion = 10.0.40219.1
Project("{9A19103F-16F7-4668-BE54-9A1E7A4F7556}") = "DataAccess", "DataAccess\DataAccess.csproj", "{5FAFC061-B7DC-4E30-9581-20084107B523}"
EndProject
Project("{9A19103F-16F7-4668-BE54-9A1E7A4F7556}") = "Business", "Business\Business.csproj", "{CF08D378-9651-4CBE-B28C-E941449AC12C}"
EndProject
Project("{9A19103F-16F7-4668-BE54-9A1E7A4F7556}") = "Entities", "Entities\Entities.csproj", "{AD6B288F-3AD4-41B6-B39C-E182B5AA3DE2}"
EndProject
Project("{9A19103F-16F7-4668-BE54-9A1E7A4F7556}") = "ConsoleUI", "ConsoleUI\ConsoleUI.csproj", "{E0BDA0FE-FF25-470B-92B4-FA0ABEFC4E30}"
EndProject
Project("{FAE04EC0-301F-11D3-BF4B-00C04F79EFBC}") = "Core", "Core\Core.csproj", "{040CA66B-17F2-4336-9EEB-BDE38F9EB421}"
EndProject
Global
	GlobalSection(SolutionConfigurationPlatforms) = preSolution
		Debug|Any CPU = Debug|Any CPU
		Release|Any CPU = Release|Any CPU
	EndGlobalSection
	GlobalSection(ProjectConfigurationPlatforms) = postSolution
		{5FAFC061-B7DC-4E30-9581-20084107B523}.Debug|Any CPU.ActiveCfg = Debug|Any CPU
		{5FAFC061-B7DC-4E30-9581-20084107B523}.Debug|Any CPU.Build.0 = Debug|Any CPU
		{5FAFC061-B7DC-4E30-9581-20084107B523}.Release|Any CPU.ActiveCfg = Release|Any CPU
		{5FAFC061-B7DC-4E30-9581-20084107B523}.Release|Any CPU.Build.0 = Release|Any CPU
		{CF08D378-9651-4CBE-B28C-E941449AC12C}.Debug|Any CPU.ActiveCfg = Debug|Any CPU
		{CF08D378-9651-4CBE-B28C-E941449AC12C}.Debug|Any CPU.Build.0 = Debug|Any CPU
		{CF08D378-9651-4CBE-B28C-E941449AC12C}.Release|Any CPU.ActiveCfg = Release|Any CPU
		{CF08D378-9651-4CBE-B28C-E941449AC12C}.Release|Any CPU.Build.0 = Release|Any CPU
		{AD6B288F-3AD4-41B6-B39C-E182B5AA3DE2}.Debug|Any CPU.ActiveCfg = Debug|Any CPU
		{AD6B288F-3AD4-41B6-B39C-E182B5AA3DE2}.Debug|Any CPU.Build.0 = Debug|Any CPU
		{AD6B288F-3AD4-41B6-B39C-E182B5AA3DE2}.Release|Any CPU.ActiveCfg = Release|Any CPU
		{AD6B288F-3AD4-41B6-B39C-E182B5AA3DE2}.Release|Any CPU.Build.0 = Release|Any CPU
		{E0BDA0FE-FF25-470B-92B4-FA0ABEFC4E30}.Debug|Any CPU.ActiveCfg = Debug|Any CPU
		{E0BDA0FE-FF25-470B-92B4-FA0ABEFC4E30}.Debug|Any CPU.Build.0 = Debug|Any CPU
		{E0BDA0FE-FF25-470B-92B4-FA0ABEFC4E30}.Release|Any CPU.ActiveCfg = Release|Any CPU
		{E0BDA0FE-FF25-470B-92B4-FA0ABEFC4E30}.Release|Any CPU.Build.0 = Release|Any CPU
		{040CA66B-17F2-4336-9EEB-BDE38F9EB421}.Debug|Any CPU.ActiveCfg = Debug|Any CPU
		{040CA66B-17F2-4336-9EEB-BDE38F9EB421}.Debug|Any CPU.Build.0 = Debug|Any CPU
		{040CA66B-17F2-4336-9EEB-BDE38F9EB421}.Release|Any CPU.ActiveCfg = Release|Any CPU
		{040CA66B-17F2-4336-9EEB-BDE38F9EB421}.Release|Any CPU.Build.0 = Release|Any CPU
	EndGlobalSection
	GlobalSection(SolutionProperties) = preSolution
		HideSolutionNode = FALSE
	EndGlobalSection
	GlobalSection(ExtensibilityGlobals) = postSolution
		SolutionGuid = {1615BBC0-4A90-4E0F-A7DB-0E7134328A9D}
	EndGlobalSection
EndGlobal
